
Microsoft Visual Studio Solution File, Format Version 12.00
# Visual Studio 14
VisualStudioVersion = 14.0.25420.1
MinimumVisualStudioVersion = 10.0.40219.1
Project("{2150E333-8FDC-42A3-9474-1A3956D46DE8}") = "Engine", "Engine", "{7FFA92C4-05BB-4B2C-9B4E-4B8A9D106229}"
EndProject
Project("{2150E333-8FDC-42A3-9474-1A3956D46DE8}") = "Games", "Games", "{58450AFB-70BA-4069-8581-6766B1C689EC}"
EndProject
Project("{8BC9CEB8-8B4A-11D0-8D11-00A0C91BC942}") = "UE4", "Intermediate\ProjectFiles\UE4.vcxproj", "{80957D97-E7BD-4CAF-9066-2448F5E7818A}"
EndProject
Project("{8BC9CEB8-8B4A-11D0-8D11-00A0C91BC942}") = "BuildingEscape_NEW", "Intermediate\ProjectFiles\BuildingEscape_NEW.vcxproj", "{F1B66015-5404-46D5-B7C7-20B847ACA866}"
EndProject
Global
	GlobalSection(SolutionConfigurationPlatforms) = preSolution
		DebugGame Editor|HTML5 = DebugGame Editor|HTML5
		DebugGame Editor|Win32 = DebugGame Editor|Win32
		DebugGame Editor|Win64 = DebugGame Editor|Win64
		DebugGame|HTML5 = DebugGame|HTML5
		DebugGame|Win32 = DebugGame|Win32
		DebugGame|Win64 = DebugGame|Win64
		Development Editor|HTML5 = Development Editor|HTML5
		Development Editor|Win32 = Development Editor|Win32
		Development Editor|Win64 = Development Editor|Win64
		Development|HTML5 = Development|HTML5
		Development|Win32 = Development|Win32
		Development|Win64 = Development|Win64
		Shipping|HTML5 = Shipping|HTML5
		Shipping|Win32 = Shipping|Win32
		Shipping|Win64 = Shipping|Win64
	EndGlobalSection
	GlobalSection(ProjectConfigurationPlatforms) = postSolution
		{80957D97-E7BD-4CAF-9066-2448F5E7818A}.DebugGame Editor|HTML5.ActiveCfg = BuiltWithUnrealBuildTool|Win32
		{80957D97-E7BD-4CAF-9066-2448F5E7818A}.DebugGame Editor|HTML5.Build.0 = BuiltWithUnrealBuildTool|Win32
		{80957D97-E7BD-4CAF-9066-2448F5E7818A}.DebugGame Editor|Win32.ActiveCfg = BuiltWithUnrealBuildTool|Win32
		{80957D97-E7BD-4CAF-9066-2448F5E7818A}.DebugGame Editor|Win32.Build.0 = BuiltWithUnrealBuildTool|Win32
		{80957D97-E7BD-4CAF-9066-2448F5E7818A}.DebugGame Editor|Win64.ActiveCfg = BuiltWithUnrealBuildTool|Win32
		{80957D97-E7BD-4CAF-9066-2448F5E7818A}.DebugGame Editor|Win64.Build.0 = BuiltWithUnrealBuildTool|Win32
		{80957D97-E7BD-4CAF-9066-2448F5E7818A}.DebugGame|HTML5.ActiveCfg = BuiltWithUnrealBuildTool|Win32
		{80957D97-E7BD-4CAF-9066-2448F5E7818A}.DebugGame|HTML5.Build.0 = BuiltWithUnrealBuildTool|Win32
		{80957D97-E7BD-4CAF-9066-2448F5E7818A}.DebugGame|Win32.ActiveCfg = BuiltWithUnrealBuildTool|Win32
		{80957D97-E7BD-4CAF-9066-2448F5E7818A}.DebugGame|Win32.Build.0 = BuiltWithUnrealBuildTool|Win32
		{80957D97-E7BD-4CAF-9066-2448F5E7818A}.DebugGame|Win64.ActiveCfg = BuiltWithUnrealBuildTool|Win32
		{80957D97-E7BD-4CAF-9066-2448F5E7818A}.DebugGame|Win64.Build.0 = BuiltWithUnrealBuildTool|Win32
		{80957D97-E7BD-4CAF-9066-2448F5E7818A}.Development Editor|HTML5.ActiveCfg = BuiltWithUnrealBuildTool|Win32
		{80957D97-E7BD-4CAF-9066-2448F5E7818A}.Development Editor|HTML5.Build.0 = BuiltWithUnrealBuildTool|Win32
		{80957D97-E7BD-4CAF-9066-2448F5E7818A}.Development Editor|Win32.ActiveCfg = BuiltWithUnrealBuildTool|Win32
		{80957D97-E7BD-4CAF-9066-2448F5E7818A}.Development Editor|Win32.Build.0 = BuiltWithUnrealBuildTool|Win32
		{80957D97-E7BD-4CAF-9066-2448F5E7818A}.Development Editor|Win64.ActiveCfg = BuiltWithUnrealBuildTool|Win32
		{80957D97-E7BD-4CAF-9066-2448F5E7818A}.Development Editor|Win64.Build.0 = BuiltWithUnrealBuildTool|Win32
		{80957D97-E7BD-4CAF-9066-2448F5E7818A}.Development|HTML5.ActiveCfg = BuiltWithUnrealBuildTool|Win32
		{80957D97-E7BD-4CAF-9066-2448F5E7818A}.Development|HTML5.Build.0 = BuiltWithUnrealBuildTool|Win32
		{80957D97-E7BD-4CAF-9066-2448F5E7818A}.Development|Win32.ActiveCfg = BuiltWithUnrealBuildTool|Win32
		{80957D97-E7BD-4CAF-9066-2448F5E7818A}.Development|Win32.Build.0 = BuiltWithUnrealBuildTool|Win32
		{80957D97-E7BD-4CAF-9066-2448F5E7818A}.Development|Win64.ActiveCfg = BuiltWithUnrealBuildTool|Win32
		{80957D97-E7BD-4CAF-9066-2448F5E7818A}.Development|Win64.Build.0 = BuiltWithUnrealBuildTool|Win32
		{80957D97-E7BD-4CAF-9066-2448F5E7818A}.Shipping|HTML5.ActiveCfg = BuiltWithUnrealBuildTool|Win32
		{80957D97-E7BD-4CAF-9066-2448F5E7818A}.Shipping|HTML5.Build.0 = BuiltWithUnrealBuildTool|Win32
		{80957D97-E7BD-4CAF-9066-2448F5E7818A}.Shipping|Win32.ActiveCfg = BuiltWithUnrealBuildTool|Win32
		{80957D97-E7BD-4CAF-9066-2448F5E7818A}.Shipping|Win32.Build.0 = BuiltWithUnrealBuildTool|Win32
		{80957D97-E7BD-4CAF-9066-2448F5E7818A}.Shipping|Win64.ActiveCfg = BuiltWithUnrealBuildTool|Win32
		{80957D97-E7BD-4CAF-9066-2448F5E7818A}.Shipping|Win64.Build.0 = BuiltWithUnrealBuildTool|Win32
		{F1B66015-5404-46D5-B7C7-20B847ACA866}.DebugGame Editor|HTML5.ActiveCfg = HTML5_DebugGame_Editor|Win32
		{F1B66015-5404-46D5-B7C7-20B847ACA866}.DebugGame Editor|Win32.ActiveCfg = DebugGame_Editor|Win32
		{F1B66015-5404-46D5-B7C7-20B847ACA866}.DebugGame Editor|Win64.ActiveCfg = DebugGame_Editor|x64
		{F1B66015-5404-46D5-B7C7-20B847ACA866}.DebugGame Editor|Win64.Build.0 = DebugGame_Editor|x64
		{F1B66015-5404-46D5-B7C7-20B847ACA866}.DebugGame|HTML5.ActiveCfg = HTML5_DebugGame_Game|Win32
		{F1B66015-5404-46D5-B7C7-20B847ACA866}.DebugGame|HTML5.Build.0 = HTML5_DebugGame_Game|Win32
		{F1B66015-5404-46D5-B7C7-20B847ACA866}.DebugGame|Win32.ActiveCfg = DebugGame_Game|Win32
		{F1B66015-5404-46D5-B7C7-20B847ACA866}.DebugGame|Win32.Build.0 = DebugGame_Game|Win32
		{F1B66015-5404-46D5-B7C7-20B847ACA866}.DebugGame|Win64.ActiveCfg = DebugGame_Game|x64
		{F1B66015-5404-46D5-B7C7-20B847ACA866}.DebugGame|Win64.Build.0 = DebugGame_Game|x64
		{F1B66015-5404-46D5-B7C7-20B847ACA866}.Development Editor|HTML5.ActiveCfg = HTML5_Development_Editor|Win32
		{F1B66015-5404-46D5-B7C7-20B847ACA866}.Development Editor|Win32.ActiveCfg = Development_Editor|Win32
		{F1B66015-5404-46D5-B7C7-20B847ACA866}.Development Editor|Win64.ActiveCfg = Development_Editor|x64
		{F1B66015-5404-46D5-B7C7-20B847ACA866}.Development Editor|Win64.Build.0 = Development_Editor|x64
		{F1B66015-5404-46D5-B7C7-20B847ACA866}.Development|HTML5.ActiveCfg = HTML5_Development_Game|Win32
		{F1B66015-5404-46D5-B7C7-20B847ACA866}.Development|HTML5.Build.0 = HTML5_Development_Game|Win32
		{F1B66015-5404-46D5-B7C7-20B847ACA866}.Development|Win32.ActiveCfg = Development_Game|Win32
		{F1B66015-5404-46D5-B7C7-20B847ACA866}.Development|Win32.Build.0 = Development_Game|Win32
		{F1B66015-5404-46D5-B7C7-20B847ACA866}.Development|Win64.ActiveCfg = Development_Game|x64
		{F1B66015-5404-46D5-B7C7-20B847ACA866}.Development|Win64.Build.0 = Development_Game|x64
		{F1B66015-5404-46D5-B7C7-20B847ACA866}.Shipping|HTML5.ActiveCfg = HTML5_Shipping_Game|Win32
		{F1B66015-5404-46D5-B7C7-20B847ACA866}.Shipping|HTML5.Build.0 = HTML5_Shipping_Game|Win32
		{F1B66015-5404-46D5-B7C7-20B847ACA866}.Shipping|Win32.ActiveCfg = Shipping_Game|Win32
		{F1B66015-5404-46D5-B7C7-20B847ACA866}.Shipping|Win32.Build.0 = Shipping_Game|Win32
		{F1B66015-5404-46D5-B7C7-20B847ACA866}.Shipping|Win64.ActiveCfg = Shipping_Game|x64
		{F1B66015-5404-46D5-B7C7-20B847ACA866}.Shipping|Win64.Build.0 = Shipping_Game|x64
	EndGlobalSection
	GlobalSection(SolutionProperties) = preSolution
		HideSolutionNode = FALSE
	EndGlobalSection
	GlobalSection(NestedProjects) = preSolution
		{80957D97-E7BD-4CAF-9066-2448F5E7818A} = {7FFA92C4-05BB-4B2C-9B4E-4B8A9D106229}
		{F1B66015-5404-46D5-B7C7-20B847ACA866} = {58450AFB-70BA-4069-8581-6766B1C689EC}
	EndGlobalSection
EndGlobal
